
Microsoft Visual Studio Solution File, Format Version 12.00
# Visual Studio Version 17
VisualStudioVersion = 17.0.31903.59
MinimumVisualStudioVersion = 10.0.40219.1
Project("{2150E333-8FDC-42A3-9474-1A3956D46DE8}") = "src", "src", "{827E0CD3-B72D-47B6-A68D-7590B98EB39B}"
EndProject
Project("{2150E333-8FDC-42A3-9474-1A3956D46DE8}") = "Domain", "Domain", "{8B290487-4C16-E85E-E807-F579CBE9FC4D}"
EndProject
Project("{FAE04EC0-301F-11D3-BF4B-00C04F79EFBC}") = "EazyMenu.Domain", "src\Domain\EazyMenu.Domain.csproj", "{71E745FE-B67B-42E8-BEC0-D4EB70FE59C4}"
EndProject
Project("{2150E333-8FDC-42A3-9474-1A3956D46DE8}") = "Application", "Application", "{22BAF98C-8415-17C4-B26A-D537657BC863}"
EndProject
Project("{FAE04EC0-301F-11D3-BF4B-00C04F79EFBC}") = "EazyMenu.Application", "src\Application\EazyMenu.Application.csproj", "{9EB5309D-333A-45C7-8DCE-5C795323BF93}"
EndProject
Project("{2150E333-8FDC-42A3-9474-1A3956D46DE8}") = "Infrastructure", "Infrastructure", "{9048EB7F-3875-A59E-E36B-5BD4C6F2A282}"
EndProject
Project("{FAE04EC0-301F-11D3-BF4B-00C04F79EFBC}") = "EazyMenu.Infrastructure", "src\Infrastructure\EazyMenu.Infrastructure.csproj", "{77B95474-5A0A-482E-AFE6-F0AAB5752884}"
EndProject
Project("{2150E333-8FDC-42A3-9474-1A3956D46DE8}") = "Presentation", "Presentation", "{6996BBF7-DB31-59BC-C7DD-9A7CCC6138C4}"
EndProject
Project("{2150E333-8FDC-42A3-9474-1A3956D46DE8}") = "Web", "Web", "{7982705E-F74C-7014-15FB-BDBC9D930CBF}"
EndProject
Project("{FAE04EC0-301F-11D3-BF4B-00C04F79EFBC}") = "EazyMenu.Web", "src\Presentation\Web\EazyMenu.Web.csproj", "{FB752E65-9716-4DF2-9EED-74B9CE68840A}"
EndProject
Project("{2150E333-8FDC-42A3-9474-1A3956D46DE8}") = "Public", "Public", "{B6F38724-6201-5041-ECFA-5A7B3BE25D42}"
EndProject
Project("{FAE04EC0-301F-11D3-BF4B-00C04F79EFBC}") = "EazyMenu.Public", "src\Presentation\Public\EazyMenu.Public.csproj", "{544F3E88-04F0-4334-9464-6C659E963CB8}"
EndProject
Project("{2150E333-8FDC-42A3-9474-1A3956D46DE8}") = "tests", "tests", "{0AB3BF05-4346-4AA6-1389-037BE0695223}"
EndProject
Project("{FAE04EC0-301F-11D3-BF4B-00C04F79EFBC}") = "EazyMenu.UnitTests", "tests\EazyMenu.UnitTests\EazyMenu.UnitTests.csproj", "{94217F4F-7EAB-49DB-ADE6-97F81BBE02CC}"
EndProject
Project("{FAE04EC0-301F-11D3-BF4B-00C04F79EFBC}") = "EazyMenu.IntegrationTests", "tests\EazyMenu.IntegrationTests\EazyMenu.IntegrationTests.csproj", "{7036BC5E-8484-4D90-8CBF-A36F5B4EF291}"
EndProject
Global
	GlobalSection(SolutionConfigurationPlatforms) = preSolution
		Debug|Any CPU = Debug|Any CPU
		Debug|x64 = Debug|x64
		Debug|x86 = Debug|x86
		Release|Any CPU = Release|Any CPU
		Release|x64 = Release|x64
		Release|x86 = Release|x86
	EndGlobalSection
	GlobalSection(ProjectConfigurationPlatforms) = postSolution
		{71E745FE-B67B-42E8-BEC0-D4EB70FE59C4}.Debug|Any CPU.ActiveCfg = Debug|Any CPU
		{71E745FE-B67B-42E8-BEC0-D4EB70FE59C4}.Debug|Any CPU.Build.0 = Debug|Any CPU
		{71E745FE-B67B-42E8-BEC0-D4EB70FE59C4}.Debug|x64.ActiveCfg = Debug|Any CPU
		{71E745FE-B67B-42E8-BEC0-D4EB70FE59C4}.Debug|x64.Build.0 = Debug|Any CPU
		{71E745FE-B67B-42E8-BEC0-D4EB70FE59C4}.Debug|x86.ActiveCfg = Debug|Any CPU
		{71E745FE-B67B-42E8-BEC0-D4EB70FE59C4}.Debug|x86.Build.0 = Debug|Any CPU
		{71E745FE-B67B-42E8-BEC0-D4EB70FE59C4}.Release|Any CPU.ActiveCfg = Release|Any CPU
		{71E745FE-B67B-42E8-BEC0-D4EB70FE59C4}.Release|Any CPU.Build.0 = Release|Any CPU
		{71E745FE-B67B-42E8-BEC0-D4EB70FE59C4}.Release|x64.ActiveCfg = Release|Any CPU
		{71E745FE-B67B-42E8-BEC0-D4EB70FE59C4}.Release|x64.Build.0 = Release|Any CPU
		{71E745FE-B67B-42E8-BEC0-D4EB70FE59C4}.Release|x86.ActiveCfg = Release|Any CPU
		{71E745FE-B67B-42E8-BEC0-D4EB70FE59C4}.Release|x86.Build.0 = Release|Any CPU
		{9EB5309D-333A-45C7-8DCE-5C795323BF93}.Debug|Any CPU.ActiveCfg = Debug|Any CPU
		{9EB5309D-333A-45C7-8DCE-5C795323BF93}.Debug|Any CPU.Build.0 = Debug|Any CPU
		{9EB5309D-333A-45C7-8DCE-5C795323BF93}.Debug|x64.ActiveCfg = Debug|Any CPU
		{9EB5309D-333A-45C7-8DCE-5C795323BF93}.Debug|x64.Build.0 = Debug|Any CPU
		{9EB5309D-333A-45C7-8DCE-5C795323BF93}.Debug|x86.ActiveCfg = Debug|Any CPU
		{9EB5309D-333A-45C7-8DCE-5C795323BF93}.Debug|x86.Build.0 = Debug|Any CPU
		{9EB5309D-333A-45C7-8DCE-5C795323BF93}.Release|Any CPU.ActiveCfg = Release|Any CPU
		{9EB5309D-333A-45C7-8DCE-5C795323BF93}.Release|Any CPU.Build.0 = Release|Any CPU
		{9EB5309D-333A-45C7-8DCE-5C795323BF93}.Release|x64.ActiveCfg = Release|Any CPU
		{9EB5309D-333A-45C7-8DCE-5C795323BF93}.Release|x64.Build.0 = Release|Any CPU
		{9EB5309D-333A-45C7-8DCE-5C795323BF93}.Release|x86.ActiveCfg = Release|Any CPU
		{9EB5309D-333A-45C7-8DCE-5C795323BF93}.Release|x86.Build.0 = Release|Any CPU
		{77B95474-5A0A-482E-AFE6-F0AAB5752884}.Debug|Any CPU.ActiveCfg = Debug|Any CPU
		{77B95474-5A0A-482E-AFE6-F0AAB5752884}.Debug|Any CPU.Build.0 = Debug|Any CPU
		{77B95474-5A0A-482E-AFE6-F0AAB5752884}.Debug|x64.ActiveCfg = Debug|Any CPU
		{77B95474-5A0A-482E-AFE6-F0AAB5752884}.Debug|x64.Build.0 = Debug|Any CPU
		{77B95474-5A0A-482E-AFE6-F0AAB5752884}.Debug|x86.ActiveCfg = Debug|Any CPU
		{77B95474-5A0A-482E-AFE6-F0AAB5752884}.Debug|x86.Build.0 = Debug|Any CPU
		{77B95474-5A0A-482E-AFE6-F0AAB5752884}.Release|Any CPU.ActiveCfg = Release|Any CPU
		{77B95474-5A0A-482E-AFE6-F0AAB5752884}.Release|Any CPU.Build.0 = Release|Any CPU
		{77B95474-5A0A-482E-AFE6-F0AAB5752884}.Release|x64.ActiveCfg = Release|Any CPU
		{77B95474-5A0A-482E-AFE6-F0AAB5752884}.Release|x64.Build.0 = Release|Any CPU
		{77B95474-5A0A-482E-AFE6-F0AAB5752884}.Release|x86.ActiveCfg = Release|Any CPU
		{77B95474-5A0A-482E-AFE6-F0AAB5752884}.Release|x86.Build.0 = Release|Any CPU
		{FB752E65-9716-4DF2-9EED-74B9CE68840A}.Debug|Any CPU.ActiveCfg = Debug|Any CPU
		{FB752E65-9716-4DF2-9EED-74B9CE68840A}.Debug|Any CPU.Build.0 = Debug|Any CPU
		{FB752E65-9716-4DF2-9EED-74B9CE68840A}.Debug|x64.ActiveCfg = Debug|Any CPU
		{FB752E65-9716-4DF2-9EED-74B9CE68840A}.Debug|x64.Build.0 = Debug|Any CPU
		{FB752E65-9716-4DF2-9EED-74B9CE68840A}.Debug|x86.ActiveCfg = Debug|Any CPU
		{FB752E65-9716-4DF2-9EED-74B9CE68840A}.Debug|x86.Build.0 = Debug|Any CPU
		{FB752E65-9716-4DF2-9EED-74B9CE68840A}.Release|Any CPU.ActiveCfg = Release|Any CPU
		{FB752E65-9716-4DF2-9EED-74B9CE68840A}.Release|Any CPU.Build.0 = Release|Any CPU
		{FB752E65-9716-4DF2-9EED-74B9CE68840A}.Release|x64.ActiveCfg = Release|Any CPU
		{FB752E65-9716-4DF2-9EED-74B9CE68840A}.Release|x64.Build.0 = Release|Any CPU
		{FB752E65-9716-4DF2-9EED-74B9CE68840A}.Release|x86.ActiveCfg = Release|Any CPU
		{FB752E65-9716-4DF2-9EED-74B9CE68840A}.Release|x86.Build.0 = Release|Any CPU
		{544F3E88-04F0-4334-9464-6C659E963CB8}.Debug|Any CPU.ActiveCfg = Debug|Any CPU
		{544F3E88-04F0-4334-9464-6C659E963CB8}.Debug|Any CPU.Build.0 = Debug|Any CPU
		{544F3E88-04F0-4334-9464-6C659E963CB8}.Debug|x64.ActiveCfg = Debug|Any CPU
		{544F3E88-04F0-4334-9464-6C659E963CB8}.Debug|x64.Build.0 = Debug|Any CPU
		{544F3E88-04F0-4334-9464-6C659E963CB8}.Debug|x86.ActiveCfg = Debug|Any CPU
		{544F3E88-04F0-4334-9464-6C659E963CB8}.Debug|x86.Build.0 = Debug|Any CPU
		{544F3E88-04F0-4334-9464-6C659E963CB8}.Release|Any CPU.ActiveCfg = Release|Any CPU
		{544F3E88-04F0-4334-9464-6C659E963CB8}.Release|Any CPU.Build.0 = Release|Any CPU
		{544F3E88-04F0-4334-9464-6C659E963CB8}.Release|x64.ActiveCfg = Release|Any CPU
		{544F3E88-04F0-4334-9464-6C659E963CB8}.Release|x64.Build.0 = Release|Any CPU
		{544F3E88-04F0-4334-9464-6C659E963CB8}.Release|x86.ActiveCfg = Release|Any CPU
		{544F3E88-04F0-4334-9464-6C659E963CB8}.Release|x86.Build.0 = Release|Any CPU
		{94217F4F-7EAB-49DB-ADE6-97F81BBE02CC}.Debug|Any CPU.ActiveCfg = Debug|Any CPU
		{94217F4F-7EAB-49DB-ADE6-97F81BBE02CC}.Debug|Any CPU.Build.0 = Debug|Any CPU
		{94217F4F-7EAB-49DB-ADE6-97F81BBE02CC}.Debug|x64.ActiveCfg = Debug|Any CPU
		{94217F4F-7EAB-49DB-ADE6-97F81BBE02CC}.Debug|x64.Build.0 = Debug|Any CPU
		{94217F4F-7EAB-49DB-ADE6-97F81BBE02CC}.Debug|x86.ActiveCfg = Debug|Any CPU
		{94217F4F-7EAB-49DB-ADE6-97F81BBE02CC}.Debug|x86.Build.0 = Debug|Any CPU
		{94217F4F-7EAB-49DB-ADE6-97F81BBE02CC}.Release|Any CPU.ActiveCfg = Release|Any CPU
		{94217F4F-7EAB-49DB-ADE6-97F81BBE02CC}.Release|Any CPU.Build.0 = Release|Any CPU
		{94217F4F-7EAB-49DB-ADE6-97F81BBE02CC}.Release|x64.ActiveCfg = Release|Any CPU
		{94217F4F-7EAB-49DB-ADE6-97F81BBE02CC}.Release|x64.Build.0 = Release|Any CPU
		{94217F4F-7EAB-49DB-ADE6-97F81BBE02CC}.Release|x86.ActiveCfg = Release|Any CPU
		{94217F4F-7EAB-49DB-ADE6-97F81BBE02CC}.Release|x86.Build.0 = Release|Any CPU
		{7036BC5E-8484-4D90-8CBF-A36F5B4EF291}.Debug|Any CPU.ActiveCfg = Debug|Any CPU
		{7036BC5E-8484-4D90-8CBF-A36F5B4EF291}.Debug|Any CPU.Build.0 = Debug|Any CPU
		{7036BC5E-8484-4D90-8CBF-A36F5B4EF291}.Debug|x64.ActiveCfg = Debug|Any CPU
		{7036BC5E-8484-4D90-8CBF-A36F5B4EF291}.Debug|x64.Build.0 = Debug|Any CPU
		{7036BC5E-8484-4D90-8CBF-A36F5B4EF291}.Debug|x86.ActiveCfg = Debug|Any CPU
		{7036BC5E-8484-4D90-8CBF-A36F5B4EF291}.Debug|x86.Build.0 = Debug|Any CPU
		{7036BC5E-8484-4D90-8CBF-A36F5B4EF291}.Release|Any CPU.ActiveCfg = Release|Any CPU
		{7036BC5E-8484-4D90-8CBF-A36F5B4EF291}.Release|Any CPU.Build.0 = Release|Any CPU
		{7036BC5E-8484-4D90-8CBF-A36F5B4EF291}.Release|x64.ActiveCfg = Release|Any CPU
		{7036BC5E-8484-4D90-8CBF-A36F5B4EF291}.Release|x64.Build.0 = Release|Any CPU
		{7036BC5E-8484-4D90-8CBF-A36F5B4EF291}.Release|x86.ActiveCfg = Release|Any CPU
		{7036BC5E-8484-4D90-8CBF-A36F5B4EF291}.Release|x86.Build.0 = Release|Any CPU
	EndGlobalSection
	GlobalSection(SolutionProperties) = preSolution
		HideSolutionNode = FALSE
	EndGlobalSection
	GlobalSection(NestedProjects) = preSolution
		{8B290487-4C16-E85E-E807-F579CBE9FC4D} = {827E0CD3-B72D-47B6-A68D-7590B98EB39B}
		{71E745FE-B67B-42E8-BEC0-D4EB70FE59C4} = {8B290487-4C16-E85E-E807-F579CBE9FC4D}
		{22BAF98C-8415-17C4-B26A-D537657BC863} = {827E0CD3-B72D-47B6-A68D-7590B98EB39B}
		{9EB5309D-333A-45C7-8DCE-5C795323BF93} = {22BAF98C-8415-17C4-B26A-D537657BC863}
		{9048EB7F-3875-A59E-E36B-5BD4C6F2A282} = {827E0CD3-B72D-47B6-A68D-7590B98EB39B}
		{77B95474-5A0A-482E-AFE6-F0AAB5752884} = {9048EB7F-3875-A59E-E36B-5BD4C6F2A282}
		{6996BBF7-DB31-59BC-C7DD-9A7CCC6138C4} = {827E0CD3-B72D-47B6-A68D-7590B98EB39B}
		{7982705E-F74C-7014-15FB-BDBC9D930CBF} = {6996BBF7-DB31-59BC-C7DD-9A7CCC6138C4}
		{FB752E65-9716-4DF2-9EED-74B9CE68840A} = {7982705E-F74C-7014-15FB-BDBC9D930CBF}
		{B6F38724-6201-5041-ECFA-5A7B3BE25D42} = {6996BBF7-DB31-59BC-C7DD-9A7CCC6138C4}
		{544F3E88-04F0-4334-9464-6C659E963CB8} = {B6F38724-6201-5041-ECFA-5A7B3BE25D42}
		{94217F4F-7EAB-49DB-ADE6-97F81BBE02CC} = {0AB3BF05-4346-4AA6-1389-037BE0695223}
		{7036BC5E-8484-4D90-8CBF-A36F5B4EF291} = {0AB3BF05-4346-4AA6-1389-037BE0695223}
	EndGlobalSection
EndGlobal
